// !$*UTF8*$!
{
	archiveVersion = 1;
	classes = {
	};
	objectVersion = 48;
	objects = {

/* Begin PBXBuildFile section */
		3F0C8C940309DB5B59CA1016 /* Pods_SpotsTests.framework in Frameworks */ = {isa = PBXBuildFile; fileRef = AB318AC6AE1AD6ECD965AB01 /* Pods_SpotsTests.framework */; };
		7D34DD9F82412ABDF50B99B6 /* Pods_Spots.framework in Frameworks */ = {isa = PBXBuildFile; fileRef = 582FDB3F05CF7841AC46FA69 /* Pods_Spots.framework */; };
		B7019CA91E8302D7000765DC /* ValidationPopup.xib in Resources */ = {isa = PBXBuildFile; fileRef = B7019CA81E8302D7000765DC /* ValidationPopup.xib */; };
		B7019CAB1E830327000765DC /* ValidationPopupViewController.swift in Sources */ = {isa = PBXBuildFile; fileRef = B7019CAA1E830327000765DC /* ValidationPopupViewController.swift */; };
		B7020A5C1E72463D007C437A /* MySpotsViewController.swift in Sources */ = {isa = PBXBuildFile; fileRef = B7020A5B1E72463D007C437A /* MySpotsViewController.swift */; };
		B7020A5E1E724753007C437A /* SpotDetailViewController.swift in Sources */ = {isa = PBXBuildFile; fileRef = B7020A5D1E724753007C437A /* SpotDetailViewController.swift */; };
		B70258381E63BED00090E86B /* ButtonExtension.swift in Sources */ = {isa = PBXBuildFile; fileRef = B70258371E63BED00090E86B /* ButtonExtension.swift */; };
		B702583B1E63D8730090E86B /* AppNavigationController.swift in Sources */ = {isa = PBXBuildFile; fileRef = B702583A1E63D8730090E86B /* AppNavigationController.swift */; };
		B702583D1E6400700090E86B /* UserSettingsViewController.swift in Sources */ = {isa = PBXBuildFile; fileRef = B702583C1E6400700090E86B /* UserSettingsViewController.swift */; };
		B702583F1E64016A0090E86B /* SimpleBackUIBarButton.swift in Sources */ = {isa = PBXBuildFile; fileRef = B702583E1E64016A0090E86B /* SimpleBackUIBarButton.swift */; };
		B7049DFD1E6500B9000824EA /* AppUserDefaults.swift in Sources */ = {isa = PBXBuildFile; fileRef = B7049DFC1E6500B9000824EA /* AppUserDefaults.swift */; };
		B7049DFF1E651060000824EA /* IconExtension.swift in Sources */ = {isa = PBXBuildFile; fileRef = B7049DFE1E651060000824EA /* IconExtension.swift */; };
		B7049E301E66528A000824EA /* PostTableViewController.swift in Sources */ = {isa = PBXBuildFile; fileRef = B7049E2F1E66528A000824EA /* PostTableViewController.swift */; };
		B7221DD620800CC700AB9B65 /* Realm.framework in Frameworks */ = {isa = PBXBuildFile; fileRef = B7221DD420800CC600AB9B65 /* Realm.framework */; };
		B7221DD720800CC700AB9B65 /* RealmSwift.framework in Frameworks */ = {isa = PBXBuildFile; fileRef = B7221DD520800CC700AB9B65 /* RealmSwift.framework */; };
		B72775601E62C27B009B20A7 /* AppDelegate.swift in Sources */ = {isa = PBXBuildFile; fileRef = B727755F1E62C27B009B20A7 /* AppDelegate.swift */; };
		B72775651E62C27B009B20A7 /* Main.storyboard in Resources */ = {isa = PBXBuildFile; fileRef = B72775631E62C27B009B20A7 /* Main.storyboard */; };
		B72775671E62C27B009B20A7 /* Assets.xcassets in Resources */ = {isa = PBXBuildFile; fileRef = B72775661E62C27B009B20A7 /* Assets.xcassets */; };
		B727756A1E62C27B009B20A7 /* LaunchScreen.storyboard in Resources */ = {isa = PBXBuildFile; fileRef = B72775681E62C27B009B20A7 /* LaunchScreen.storyboard */; };
		B72775851E62C506009B20A7 /* AppBottomNavigationController.swift in Sources */ = {isa = PBXBuildFile; fileRef = B72775841E62C506009B20A7 /* AppBottomNavigationController.swift */; };
		B72ADF102030383200D1CF71 /* RoundedBGLabel.swift in Sources */ = {isa = PBXBuildFile; fileRef = B72ADF0F2030383200D1CF71 /* RoundedBGLabel.swift */; };
		B72ED5F2201C6FE40029DBD3 /* Roboto-Bold.ttf in Resources */ = {isa = PBXBuildFile; fileRef = B72ED5ED201C6FDB0029DBD3 /* Roboto-Bold.ttf */; };
		B72ED5F3201C6FE40029DBD3 /* Roboto-Light.ttf in Resources */ = {isa = PBXBuildFile; fileRef = B72ED5EE201C6FDD0029DBD3 /* Roboto-Light.ttf */; };
		B72ED5F4201C6FE40029DBD3 /* Roboto-Medium.ttf in Resources */ = {isa = PBXBuildFile; fileRef = B72ED5EF201C6FDF0029DBD3 /* Roboto-Medium.ttf */; };
		B72ED5F5201C6FE40029DBD3 /* Roboto-Regular.ttf in Resources */ = {isa = PBXBuildFile; fileRef = B72ED5F0201C6FE10029DBD3 /* Roboto-Regular.ttf */; };
		B72ED5F6201C6FE40029DBD3 /* Roboto-Thin.ttf in Resources */ = {isa = PBXBuildFile; fileRef = B72ED5F1201C6FE40029DBD3 /* Roboto-Thin.ttf */; };
		B730ABF620706FC300BA18CA /* ProfileViewController.swift in Sources */ = {isa = PBXBuildFile; fileRef = B730ABF520706FC300BA18CA /* ProfileViewController.swift */; };
		B730ABF82070AA9100BA18CA /* InfoViewController.swift in Sources */ = {isa = PBXBuildFile; fileRef = B730ABF72070AA9100BA18CA /* InfoViewController.swift */; };
		B742934F2073FEC00008B827 /* NewUserViewController.swift in Sources */ = {isa = PBXBuildFile; fileRef = B742934E2073FEC00008B827 /* NewUserViewController.swift */; };
		B765D5302022DA8C00D9EAD5 /* NoNetworkTableViewController.swift in Sources */ = {isa = PBXBuildFile; fileRef = B765D52F2022DA8C00D9EAD5 /* NoNetworkTableViewController.swift */; };
		B77567A72086F8980014B8EB /* Realm.framework in Frameworks */ = {isa = PBXBuildFile; fileRef = B7221DD420800CC600AB9B65 /* Realm.framework */; };
		B77567A82086F8980014B8EB /* Realm.framework in Embed Frameworks */ = {isa = PBXBuildFile; fileRef = B7221DD420800CC600AB9B65 /* Realm.framework */; settings = {ATTRIBUTES = (CodeSignOnCopy, RemoveHeadersOnCopy, ); }; };
		B77567A92086F8980014B8EB /* RealmSwift.framework in Frameworks */ = {isa = PBXBuildFile; fileRef = B7221DD520800CC700AB9B65 /* RealmSwift.framework */; };
		B77567AA2086F8980014B8EB /* RealmSwift.framework in Embed Frameworks */ = {isa = PBXBuildFile; fileRef = B7221DD520800CC700AB9B65 /* RealmSwift.framework */; settings = {ATTRIBUTES = (CodeSignOnCopy, RemoveHeadersOnCopy, ); }; };
		B77692371E80DE060099412E /* Models.swift in Sources */ = {isa = PBXBuildFile; fileRef = B77692361E80DE060099412E /* Models.swift */; };
		B77692391E80E1420099412E /* GoodSpotsError.swift in Sources */ = {isa = PBXBuildFile; fileRef = B77692381E80E1420099412E /* GoodSpotsError.swift */; };
		B776923B1E80E1940099412E /* APIConstants.swift in Sources */ = {isa = PBXBuildFile; fileRef = B776923A1E80E1940099412E /* APIConstants.swift */; };
		B776923D1E80E2030099412E /* ApiServiceTask.swift in Sources */ = {isa = PBXBuildFile; fileRef = B776923C1E80E2030099412E /* ApiServiceTask.swift */; };
		B776923F1E80E2930099412E /* ApiServices.swift in Sources */ = {isa = PBXBuildFile; fileRef = B776923E1E80E2930099412E /* ApiServices.swift */; };
		B77692411E80E3080099412E /* ApiServiceTaskFactory.swift in Sources */ = {isa = PBXBuildFile; fileRef = B77692401E80E3080099412E /* ApiServiceTaskFactory.swift */; };
		B77692431E80E32C0099412E /* ApiServiceController.swift in Sources */ = {isa = PBXBuildFile; fileRef = B77692421E80E32C0099412E /* ApiServiceController.swift */; };
		B7A376531E62CD6B004F4786 /* PostViewController.swift in Sources */ = {isa = PBXBuildFile; fileRef = B7A376521E62CD6B004F4786 /* PostViewController.swift */; };
		B7A376551E62CD76004F4786 /* MeViewController.swift in Sources */ = {isa = PBXBuildFile; fileRef = B7A376541E62CD76004F4786 /* MeViewController.swift */; };
		B7A376571E62CD81004F4786 /* MapContainerViewController.swift in Sources */ = {isa = PBXBuildFile; fileRef = B7A376561E62CD81004F4786 /* MapContainerViewController.swift */; };
		B7A376761E63828F004F4786 /* MapViewController.swift in Sources */ = {isa = PBXBuildFile; fileRef = B7A376751E63828F004F4786 /* MapViewController.swift */; };
		B7A376781E63946C004F4786 /* LoginViewController.swift in Sources */ = {isa = PBXBuildFile; fileRef = B7A376771E63946C004F4786 /* LoginViewController.swift */; };
		B7A3767B1E63A48D004F4786 /* Colors.swift in Sources */ = {isa = PBXBuildFile; fileRef = B7A3767A1E63A48D004F4786 /* Colors.swift */; };
		B7A4AD981E6900B10055FC80 /* Delegates.swift in Sources */ = {isa = PBXBuildFile; fileRef = B7A4AD971E6900B10055FC80 /* Delegates.swift */; };
		B7AEB7051E6D165000AF6E65 /* UIImageExtension.swift in Sources */ = {isa = PBXBuildFile; fileRef = B7AEB7041E6D165000AF6E65 /* UIImageExtension.swift */; };
		B7AEB7071E6D322900AF6E65 /* SelectSpotTypeViewController.swift in Sources */ = {isa = PBXBuildFile; fileRef = B7AEB7061E6D322900AF6E65 /* SelectSpotTypeViewController.swift */; };
		B7B20ADF1EA05066006B86CA /* UIGradientImageView.swift in Sources */ = {isa = PBXBuildFile; fileRef = B7B20ADE1EA05066006B86CA /* UIGradientImageView.swift */; };
		B7B20AE01EA05421006B86CA /* FXLabel.h in Sources */ = {isa = PBXBuildFile; fileRef = B7F04DA21EA04AE300FFCF1C /* FXLabel.h */; };
		B7B20AE21EA0550F006B86CA /* FontExtension.swift in Sources */ = {isa = PBXBuildFile; fileRef = B7B20AE11EA0550F006B86CA /* FontExtension.swift */; };
		B7CE9B4A20201BEA00B823FF /* Color.swift in Sources */ = {isa = PBXBuildFile; fileRef = B7CE9B4920201BE900B823FF /* Color.swift */; };
		B7CE9B4C20201C8B00B823FF /* Material+UIImage.swift in Sources */ = {isa = PBXBuildFile; fileRef = B7CE9B4B20201C8B00B823FF /* Material+UIImage.swift */; };
		B7CE9B4E20201D5700B823FF /* Screen.swift in Sources */ = {isa = PBXBuildFile; fileRef = B7CE9B4D20201D5600B823FF /* Screen.swift */; };
		B7CE9B50202021C200B823FF /* Icon.swift in Sources */ = {isa = PBXBuildFile; fileRef = B7CE9B4F202021C200B823FF /* Icon.swift */; };
		B7D925D11E8620E100F160F8 /* SpotTypeName.xib in Resources */ = {isa = PBXBuildFile; fileRef = B7D925D01E8620E100F160F8 /* SpotTypeName.xib */; };
		B7D925D31E86211A00F160F8 /* SpotTypeNameViewController.swift in Sources */ = {isa = PBXBuildFile; fileRef = B7D925D21E86211A00F160F8 /* SpotTypeNameViewController.swift */; };
		B7E77BD71F3BC62A00C39E65 /* MobileCoreServices.framework in Frameworks */ = {isa = PBXBuildFile; fileRef = B7E77BD61F3BC62A00C39E65 /* MobileCoreServices.framework */; };
		B7F04DA01EA041CA00FFCF1C /* FacilityDetailViewController.swift in Sources */ = {isa = PBXBuildFile; fileRef = B7F04D9F1EA041CA00FFCF1C /* FacilityDetailViewController.swift */; };
		B7F04DA41EA04B1000FFCF1C /* FXLabel.m in Sources */ = {isa = PBXBuildFile; fileRef = B7F04DA31EA04B1000FFCF1C /* FXLabel.m */; };
		B7F160FB2092B74700B13A26 /* OnboardingContentView.swift in Sources */ = {isa = PBXBuildFile; fileRef = B7F160E82092B74700B13A26 /* OnboardingContentView.swift */; };
		B7F160FC2092B74700B13A26 /* OnboardingContantViewItem.swift in Sources */ = {isa = PBXBuildFile; fileRef = B7F160EA2092B74700B13A26 /* OnboardingContantViewItem.swift */; };
		B7F160FD2092B74700B13A26 /* PaperOnboardingDelegate.swift in Sources */ = {isa = PBXBuildFile; fileRef = B7F160EB2092B74700B13A26 /* PaperOnboardingDelegate.swift */; };
		B7F160FE2092B74700B13A26 /* PageContainer.swift in Sources */ = {isa = PBXBuildFile; fileRef = B7F160EE2092B74700B13A26 /* PageContainer.swift */; };
		B7F160FF2092B74700B13A26 /* PageViewItem.swift in Sources */ = {isa = PBXBuildFile; fileRef = B7F160F02092B74700B13A26 /* PageViewItem.swift */; };
		B7F161002092B74700B13A26 /* PageView.swift in Sources */ = {isa = PBXBuildFile; fileRef = B7F160F12092B74700B13A26 /* PageView.swift */; };
		B7F161012092B74700B13A26 /* ConstraintsHelper.swift in Sources */ = {isa = PBXBuildFile; fileRef = B7F160F32092B74700B13A26 /* ConstraintsHelper.swift */; };
		B7F161022092B74700B13A26 /* Configuring.swift in Sources */ = {isa = PBXBuildFile; fileRef = B7F160F42092B74700B13A26 /* Configuring.swift */; };
		B7F161032092B74700B13A26 /* PaperOnboardingDataSource.swift in Sources */ = {isa = PBXBuildFile; fileRef = B7F160F52092B74700B13A26 /* PaperOnboardingDataSource.swift */; };
		B7F161042092B74700B13A26 /* FillAnimationView.swift in Sources */ = {isa = PBXBuildFile; fileRef = B7F160F72092B74700B13A26 /* FillAnimationView.swift */; };
		B7F161052092B74700B13A26 /* PaperOnboarding.swift in Sources */ = {isa = PBXBuildFile; fileRef = B7F160F82092B74700B13A26 /* PaperOnboarding.swift */; };
		B7F161062092B74700B13A26 /* GestureControl.swift in Sources */ = {isa = PBXBuildFile; fileRef = B7F160FA2092B74700B13A26 /* GestureControl.swift */; };
		B7F161082092B9A900B13A26 /* OnboardingView.swift in Sources */ = {isa = PBXBuildFile; fileRef = B7F161072092B9A900B13A26 /* OnboardingView.swift */; };
		B7F1610A2092BD1C00B13A26 /* OnboardingViewController.swift in Sources */ = {isa = PBXBuildFile; fileRef = B7F161092092BD1C00B13A26 /* OnboardingViewController.swift */; };
		B7F1A4581E6E447D003D1FE8 /* SelectSpotTypeCell.xib in Resources */ = {isa = PBXBuildFile; fileRef = B7F1A4571E6E447D003D1FE8 /* SelectSpotTypeCell.xib */; };
		B7F1A45A1E6E44A0003D1FE8 /* SelectSpotTypeCell.swift in Sources */ = {isa = PBXBuildFile; fileRef = B7F1A4591E6E44A0003D1FE8 /* SelectSpotTypeCell.swift */; };
		B7F1A45F1E6FBBE9003D1FE8 /* AWSS3.framework in Frameworks */ = {isa = PBXBuildFile; fileRef = B7F1A45D1E6F9ECF003D1FE8 /* AWSS3.framework */; };
		B7F1A4601E6FBBE9003D1FE8 /* AWSS3.framework in Embed Frameworks */ = {isa = PBXBuildFile; fileRef = B7F1A45D1E6F9ECF003D1FE8 /* AWSS3.framework */; settings = {ATTRIBUTES = (CodeSignOnCopy, RemoveHeadersOnCopy, ); }; };
		B7F1A4611E6FBBE9003D1FE8 /* AWSCore.framework in Frameworks */ = {isa = PBXBuildFile; fileRef = B7F1A45B1E6F9EB9003D1FE8 /* AWSCore.framework */; };
		B7F1A4621E6FBBE9003D1FE8 /* AWSCore.framework in Embed Frameworks */ = {isa = PBXBuildFile; fileRef = B7F1A45B1E6F9EB9003D1FE8 /* AWSCore.framework */; settings = {ATTRIBUTES = (CodeSignOnCopy, RemoveHeadersOnCopy, ); }; };
		B7F746BB20EAF8C400DB131D /* ImageIO.framework in Frameworks */ = {isa = PBXBuildFile; fileRef = B7E77BD41F3BC61E00C39E65 /* ImageIO.framework */; };
		B7FB95B91F51107300CBEF81 /* NoNetworkViewController.swift in Sources */ = {isa = PBXBuildFile; fileRef = B7FB95B81F51107300CBEF81 /* NoNetworkViewController.swift */; };
		B7FBC55F1EA8383400EF0CAB /* PhotosContainerViewController.swift in Sources */ = {isa = PBXBuildFile; fileRef = B7FBC55E1EA8383400EF0CAB /* PhotosContainerViewController.swift */; };
		B7FBC5611EA86D1800EF0CAB /* FacilityImageCell.swift in Sources */ = {isa = PBXBuildFile; fileRef = B7FBC5601EA86D1800EF0CAB /* FacilityImageCell.swift */; };
		B7FBC5631EA86D7200EF0CAB /* FacilityImageCell.xib in Resources */ = {isa = PBXBuildFile; fileRef = B7FBC5621EA86D7200EF0CAB /* FacilityImageCell.xib */; };
/* End PBXBuildFile section */

/* Begin PBXContainerItemProxy section */
		B72775711E62C27B009B20A7 /* PBXContainerItemProxy */ = {
			isa = PBXContainerItemProxy;
			containerPortal = B72775541E62C27B009B20A7 /* Project object */;
			proxyType = 1;
			remoteGlobalIDString = B727755B1E62C27B009B20A7;
			remoteInfo = Spots;
		};
/* End PBXContainerItemProxy section */

/* Begin PBXCopyFilesBuildPhase section */
		B7F1A4631E6FBBE9003D1FE8 /* Embed Frameworks */ = {
			isa = PBXCopyFilesBuildPhase;
			buildActionMask = 2147483647;
			dstPath = "";
			dstSubfolderSpec = 10;
			files = (
				B77567A82086F8980014B8EB /* Realm.framework in Embed Frameworks */,
				B7F1A4601E6FBBE9003D1FE8 /* AWSS3.framework in Embed Frameworks */,
				B77567AA2086F8980014B8EB /* RealmSwift.framework in Embed Frameworks */,
				B7F1A4621E6FBBE9003D1FE8 /* AWSCore.framework in Embed Frameworks */,
			);
			name = "Embed Frameworks";
			runOnlyForDeploymentPostprocessing = 0;
		};
/* End PBXCopyFilesBuildPhase section */

/* Begin PBXFileReference section */
		007EF68DF32644BB7D6CD605 /* Pods-Spots.release.xcconfig */ = {isa = PBXFileReference; includeInIndex = 1; lastKnownFileType = text.xcconfig; name = "Pods-Spots.release.xcconfig"; path = "Pods/Target Support Files/Pods-Spots/Pods-Spots.release.xcconfig"; sourceTree = "<group>"; };
		196ADEC6DB52F7B8B59D44BB /* Pods-SpotsTests.release.xcconfig */ = {isa = PBXFileReference; includeInIndex = 1; lastKnownFileType = text.xcconfig; name = "Pods-SpotsTests.release.xcconfig"; path = "Pods/Target Support Files/Pods-SpotsTests/Pods-SpotsTests.release.xcconfig"; sourceTree = "<group>"; };
		582FDB3F05CF7841AC46FA69 /* Pods_Spots.framework */ = {isa = PBXFileReference; explicitFileType = wrapper.framework; includeInIndex = 0; path = Pods_Spots.framework; sourceTree = BUILT_PRODUCTS_DIR; };
		AB318AC6AE1AD6ECD965AB01 /* Pods_SpotsTests.framework */ = {isa = PBXFileReference; explicitFileType = wrapper.framework; includeInIndex = 0; path = Pods_SpotsTests.framework; sourceTree = BUILT_PRODUCTS_DIR; };
		B7019CA81E8302D7000765DC /* ValidationPopup.xib */ = {isa = PBXFileReference; fileEncoding = 4; lastKnownFileType = file.xib; path = ValidationPopup.xib; sourceTree = "<group>"; };
		B7019CAA1E830327000765DC /* ValidationPopupViewController.swift */ = {isa = PBXFileReference; fileEncoding = 4; lastKnownFileType = sourcecode.swift; path = ValidationPopupViewController.swift; sourceTree = "<group>"; };
		B7020A5B1E72463D007C437A /* MySpotsViewController.swift */ = {isa = PBXFileReference; fileEncoding = 4; lastKnownFileType = sourcecode.swift; path = MySpotsViewController.swift; sourceTree = "<group>"; };
		B7020A5D1E724753007C437A /* SpotDetailViewController.swift */ = {isa = PBXFileReference; fileEncoding = 4; lastKnownFileType = sourcecode.swift; path = SpotDetailViewController.swift; sourceTree = "<group>"; };
		B70258371E63BED00090E86B /* ButtonExtension.swift */ = {isa = PBXFileReference; fileEncoding = 4; lastKnownFileType = sourcecode.swift; path = ButtonExtension.swift; sourceTree = "<group>"; };
		B702583A1E63D8730090E86B /* AppNavigationController.swift */ = {isa = PBXFileReference; fileEncoding = 4; lastKnownFileType = sourcecode.swift; path = AppNavigationController.swift; sourceTree = "<group>"; };
		B702583C1E6400700090E86B /* UserSettingsViewController.swift */ = {isa = PBXFileReference; fileEncoding = 4; lastKnownFileType = sourcecode.swift; path = UserSettingsViewController.swift; sourceTree = "<group>"; };
		B702583E1E64016A0090E86B /* SimpleBackUIBarButton.swift */ = {isa = PBXFileReference; fileEncoding = 4; lastKnownFileType = sourcecode.swift; path = SimpleBackUIBarButton.swift; sourceTree = "<group>"; };
		B7049DFC1E6500B9000824EA /* AppUserDefaults.swift */ = {isa = PBXFileReference; fileEncoding = 4; lastKnownFileType = sourcecode.swift; path = AppUserDefaults.swift; sourceTree = "<group>"; };
		B7049DFE1E651060000824EA /* IconExtension.swift */ = {isa = PBXFileReference; fileEncoding = 4; lastKnownFileType = sourcecode.swift; path = IconExtension.swift; sourceTree = "<group>"; };
		B7049E0B1E653B8A000824EA /* Spots-Bridging-Header.h */ = {isa = PBXFileReference; lastKnownFileType = sourcecode.c.h; name = "Spots-Bridging-Header.h"; path = "ThirdParty/PopupDialog/Spots-Bridging-Header.h"; sourceTree = "<group>"; };
		B7049E2F1E66528A000824EA /* PostTableViewController.swift */ = {isa = PBXFileReference; fileEncoding = 4; lastKnownFileType = sourcecode.swift; path = PostTableViewController.swift; sourceTree = "<group>"; };
		B7221DD420800CC600AB9B65 /* Realm.framework */ = {isa = PBXFileReference; lastKnownFileType = wrapper.framework; path = Realm.framework; sourceTree = "<group>"; };
		B7221DD520800CC700AB9B65 /* RealmSwift.framework */ = {isa = PBXFileReference; lastKnownFileType = wrapper.framework; path = RealmSwift.framework; sourceTree = "<group>"; };
		B727755C1E62C27B009B20A7 /* goodspots.app */ = {isa = PBXFileReference; explicitFileType = wrapper.application; includeInIndex = 0; path = goodspots.app; sourceTree = BUILT_PRODUCTS_DIR; };
		B727755F1E62C27B009B20A7 /* AppDelegate.swift */ = {isa = PBXFileReference; lastKnownFileType = sourcecode.swift; path = AppDelegate.swift; sourceTree = "<group>"; };
		B72775641E62C27B009B20A7 /* Base */ = {isa = PBXFileReference; lastKnownFileType = file.storyboard; name = Base; path = Base.lproj/Main.storyboard; sourceTree = "<group>"; };
		B72775661E62C27B009B20A7 /* Assets.xcassets */ = {isa = PBXFileReference; lastKnownFileType = folder.assetcatalog; path = Assets.xcassets; sourceTree = "<group>"; };
		B72775691E62C27B009B20A7 /* Base */ = {isa = PBXFileReference; lastKnownFileType = file.storyboard; name = Base; path = Base.lproj/LaunchScreen.storyboard; sourceTree = "<group>"; };
		B727756B1E62C27B009B20A7 /* Info.plist */ = {isa = PBXFileReference; lastKnownFileType = text.plist.xml; path = Info.plist; sourceTree = "<group>"; };
		B72775701E62C27B009B20A7 /* goodspotsTests.xctest */ = {isa = PBXFileReference; explicitFileType = wrapper.cfbundle; includeInIndex = 0; path = goodspotsTests.xctest; sourceTree = BUILT_PRODUCTS_DIR; };
		B72775841E62C506009B20A7 /* AppBottomNavigationController.swift */ = {isa = PBXFileReference; fileEncoding = 4; lastKnownFileType = sourcecode.swift; path = AppBottomNavigationController.swift; sourceTree = "<group>"; };
		B72ADF0F2030383200D1CF71 /* RoundedBGLabel.swift */ = {isa = PBXFileReference; lastKnownFileType = sourcecode.swift; path = RoundedBGLabel.swift; sourceTree = "<group>"; };
		B72ED5ED201C6FDB0029DBD3 /* Roboto-Bold.ttf */ = {isa = PBXFileReference; lastKnownFileType = file; path = "Roboto-Bold.ttf"; sourceTree = "<group>"; };
		B72ED5EE201C6FDD0029DBD3 /* Roboto-Light.ttf */ = {isa = PBXFileReference; lastKnownFileType = file; path = "Roboto-Light.ttf"; sourceTree = "<group>"; };
		B72ED5EF201C6FDF0029DBD3 /* Roboto-Medium.ttf */ = {isa = PBXFileReference; lastKnownFileType = file; path = "Roboto-Medium.ttf"; sourceTree = "<group>"; };
		B72ED5F0201C6FE10029DBD3 /* Roboto-Regular.ttf */ = {isa = PBXFileReference; lastKnownFileType = file; path = "Roboto-Regular.ttf"; sourceTree = "<group>"; };
		B72ED5F1201C6FE40029DBD3 /* Roboto-Thin.ttf */ = {isa = PBXFileReference; lastKnownFileType = file; path = "Roboto-Thin.ttf"; sourceTree = "<group>"; };
		B730ABF520706FC300BA18CA /* ProfileViewController.swift */ = {isa = PBXFileReference; lastKnownFileType = sourcecode.swift; path = ProfileViewController.swift; sourceTree = "<group>"; };
		B730ABF72070AA9100BA18CA /* InfoViewController.swift */ = {isa = PBXFileReference; lastKnownFileType = sourcecode.swift; path = InfoViewController.swift; sourceTree = "<group>"; };
		B742934E2073FEC00008B827 /* NewUserViewController.swift */ = {isa = PBXFileReference; lastKnownFileType = sourcecode.swift; path = NewUserViewController.swift; sourceTree = "<group>"; };
		B765D52F2022DA8C00D9EAD5 /* NoNetworkTableViewController.swift */ = {isa = PBXFileReference; lastKnownFileType = sourcecode.swift; path = NoNetworkTableViewController.swift; sourceTree = "<group>"; };
		B77692361E80DE060099412E /* Models.swift */ = {isa = PBXFileReference; fileEncoding = 4; lastKnownFileType = sourcecode.swift; path = Models.swift; sourceTree = "<group>"; };
		B77692381E80E1420099412E /* GoodSpotsError.swift */ = {isa = PBXFileReference; fileEncoding = 4; lastKnownFileType = sourcecode.swift; path = GoodSpotsError.swift; sourceTree = "<group>"; };
		B776923A1E80E1940099412E /* APIConstants.swift */ = {isa = PBXFileReference; fileEncoding = 4; lastKnownFileType = sourcecode.swift; path = APIConstants.swift; sourceTree = "<group>"; };
		B776923C1E80E2030099412E /* ApiServiceTask.swift */ = {isa = PBXFileReference; fileEncoding = 4; lastKnownFileType = sourcecode.swift; path = ApiServiceTask.swift; sourceTree = "<group>"; };
		B776923E1E80E2930099412E /* ApiServices.swift */ = {isa = PBXFileReference; fileEncoding = 4; lastKnownFileType = sourcecode.swift; path = ApiServices.swift; sourceTree = "<group>"; };
		B77692401E80E3080099412E /* ApiServiceTaskFactory.swift */ = {isa = PBXFileReference; fileEncoding = 4; lastKnownFileType = sourcecode.swift; path = ApiServiceTaskFactory.swift; sourceTree = "<group>"; };
		B77692421E80E32C0099412E /* ApiServiceController.swift */ = {isa = PBXFileReference; fileEncoding = 4; lastKnownFileType = sourcecode.swift; path = ApiServiceController.swift; sourceTree = "<group>"; };
		B7A376521E62CD6B004F4786 /* PostViewController.swift */ = {isa = PBXFileReference; fileEncoding = 4; lastKnownFileType = sourcecode.swift; path = PostViewController.swift; sourceTree = "<group>"; };
		B7A376541E62CD76004F4786 /* MeViewController.swift */ = {isa = PBXFileReference; fileEncoding = 4; lastKnownFileType = sourcecode.swift; path = MeViewController.swift; sourceTree = "<group>"; };
		B7A376561E62CD81004F4786 /* MapContainerViewController.swift */ = {isa = PBXFileReference; fileEncoding = 4; lastKnownFileType = sourcecode.swift; path = MapContainerViewController.swift; sourceTree = "<group>"; };
		B7A376751E63828F004F4786 /* MapViewController.swift */ = {isa = PBXFileReference; fileEncoding = 4; lastKnownFileType = sourcecode.swift; path = MapViewController.swift; sourceTree = "<group>"; };
		B7A376771E63946C004F4786 /* LoginViewController.swift */ = {isa = PBXFileReference; fileEncoding = 4; lastKnownFileType = sourcecode.swift; path = LoginViewController.swift; sourceTree = "<group>"; };
		B7A3767A1E63A48D004F4786 /* Colors.swift */ = {isa = PBXFileReference; fileEncoding = 4; lastKnownFileType = sourcecode.swift; path = Colors.swift; sourceTree = "<group>"; };
		B7A4AD971E6900B10055FC80 /* Delegates.swift */ = {isa = PBXFileReference; fileEncoding = 4; lastKnownFileType = sourcecode.swift; path = Delegates.swift; sourceTree = "<group>"; };
		B7AEB7041E6D165000AF6E65 /* UIImageExtension.swift */ = {isa = PBXFileReference; fileEncoding = 4; lastKnownFileType = sourcecode.swift; path = UIImageExtension.swift; sourceTree = "<group>"; };
		B7AEB7061E6D322900AF6E65 /* SelectSpotTypeViewController.swift */ = {isa = PBXFileReference; fileEncoding = 4; lastKnownFileType = sourcecode.swift; path = SelectSpotTypeViewController.swift; sourceTree = "<group>"; };
		B7B20ADE1EA05066006B86CA /* UIGradientImageView.swift */ = {isa = PBXFileReference; fileEncoding = 4; lastKnownFileType = sourcecode.swift; path = UIGradientImageView.swift; sourceTree = "<group>"; };
		B7B20AE11EA0550F006B86CA /* FontExtension.swift */ = {isa = PBXFileReference; fileEncoding = 4; lastKnownFileType = sourcecode.swift; path = FontExtension.swift; sourceTree = "<group>"; };
		B7CE9B4920201BE900B823FF /* Color.swift */ = {isa = PBXFileReference; fileEncoding = 4; lastKnownFileType = sourcecode.swift; path = Color.swift; sourceTree = "<group>"; };
		B7CE9B4B20201C8B00B823FF /* Material+UIImage.swift */ = {isa = PBXFileReference; fileEncoding = 4; lastKnownFileType = sourcecode.swift; path = "Material+UIImage.swift"; sourceTree = "<group>"; };
		B7CE9B4D20201D5600B823FF /* Screen.swift */ = {isa = PBXFileReference; fileEncoding = 4; lastKnownFileType = sourcecode.swift; path = Screen.swift; sourceTree = "<group>"; };
		B7CE9B4F202021C200B823FF /* Icon.swift */ = {isa = PBXFileReference; lastKnownFileType = sourcecode.swift; path = Icon.swift; sourceTree = "<group>"; };
		B7D925D01E8620E100F160F8 /* SpotTypeName.xib */ = {isa = PBXFileReference; fileEncoding = 4; lastKnownFileType = file.xib; path = SpotTypeName.xib; sourceTree = "<group>"; };
		B7D925D21E86211A00F160F8 /* SpotTypeNameViewController.swift */ = {isa = PBXFileReference; fileEncoding = 4; lastKnownFileType = sourcecode.swift; path = SpotTypeNameViewController.swift; sourceTree = "<group>"; };
		B7E77BD41F3BC61E00C39E65 /* ImageIO.framework */ = {isa = PBXFileReference; lastKnownFileType = wrapper.framework; name = ImageIO.framework; path = System/Library/Frameworks/ImageIO.framework; sourceTree = SDKROOT; };
		B7E77BD61F3BC62A00C39E65 /* MobileCoreServices.framework */ = {isa = PBXFileReference; lastKnownFileType = wrapper.framework; name = MobileCoreServices.framework; path = System/Library/Frameworks/MobileCoreServices.framework; sourceTree = SDKROOT; };
		B7F04D9F1EA041CA00FFCF1C /* FacilityDetailViewController.swift */ = {isa = PBXFileReference; fileEncoding = 4; lastKnownFileType = sourcecode.swift; path = FacilityDetailViewController.swift; sourceTree = "<group>"; };
		B7F04DA21EA04AE300FFCF1C /* FXLabel.h */ = {isa = PBXFileReference; lastKnownFileType = sourcecode.c.h; path = FXLabel.h; sourceTree = "<group>"; };
		B7F04DA31EA04B1000FFCF1C /* FXLabel.m */ = {isa = PBXFileReference; fileEncoding = 4; lastKnownFileType = sourcecode.c.objc; path = FXLabel.m; sourceTree = "<group>"; };
		B7F160E82092B74700B13A26 /* OnboardingContentView.swift */ = {isa = PBXFileReference; fileEncoding = 4; lastKnownFileType = sourcecode.swift; path = OnboardingContentView.swift; sourceTree = "<group>"; };
		B7F160EA2092B74700B13A26 /* OnboardingContantViewItem.swift */ = {isa = PBXFileReference; fileEncoding = 4; lastKnownFileType = sourcecode.swift; path = OnboardingContantViewItem.swift; sourceTree = "<group>"; };
		B7F160EB2092B74700B13A26 /* PaperOnboardingDelegate.swift */ = {isa = PBXFileReference; fileEncoding = 4; lastKnownFileType = sourcecode.swift; path = PaperOnboardingDelegate.swift; sourceTree = "<group>"; };
		B7F160EE2092B74700B13A26 /* PageContainer.swift */ = {isa = PBXFileReference; fileEncoding = 4; lastKnownFileType = sourcecode.swift; path = PageContainer.swift; sourceTree = "<group>"; };
		B7F160F02092B74700B13A26 /* PageViewItem.swift */ = {isa = PBXFileReference; fileEncoding = 4; lastKnownFileType = sourcecode.swift; path = PageViewItem.swift; sourceTree = "<group>"; };
		B7F160F12092B74700B13A26 /* PageView.swift */ = {isa = PBXFileReference; fileEncoding = 4; lastKnownFileType = sourcecode.swift; path = PageView.swift; sourceTree = "<group>"; };
		B7F160F32092B74700B13A26 /* ConstraintsHelper.swift */ = {isa = PBXFileReference; fileEncoding = 4; lastKnownFileType = sourcecode.swift; path = ConstraintsHelper.swift; sourceTree = "<group>"; };
		B7F160F42092B74700B13A26 /* Configuring.swift */ = {isa = PBXFileReference; fileEncoding = 4; lastKnownFileType = sourcecode.swift; path = Configuring.swift; sourceTree = "<group>"; };
		B7F160F52092B74700B13A26 /* PaperOnboardingDataSource.swift */ = {isa = PBXFileReference; fileEncoding = 4; lastKnownFileType = sourcecode.swift; path = PaperOnboardingDataSource.swift; sourceTree = "<group>"; };
		B7F160F72092B74700B13A26 /* FillAnimationView.swift */ = {isa = PBXFileReference; fileEncoding = 4; lastKnownFileType = sourcecode.swift; path = FillAnimationView.swift; sourceTree = "<group>"; };
		B7F160F82092B74700B13A26 /* PaperOnboarding.swift */ = {isa = PBXFileReference; fileEncoding = 4; lastKnownFileType = sourcecode.swift; path = PaperOnboarding.swift; sourceTree = "<group>"; };
		B7F160FA2092B74700B13A26 /* GestureControl.swift */ = {isa = PBXFileReference; fileEncoding = 4; lastKnownFileType = sourcecode.swift; path = GestureControl.swift; sourceTree = "<group>"; };
		B7F161072092B9A900B13A26 /* OnboardingView.swift */ = {isa = PBXFileReference; lastKnownFileType = sourcecode.swift; path = OnboardingView.swift; sourceTree = "<group>"; };
		B7F161092092BD1C00B13A26 /* OnboardingViewController.swift */ = {isa = PBXFileReference; lastKnownFileType = sourcecode.swift; path = OnboardingViewController.swift; sourceTree = "<group>"; };
		B7F1A4571E6E447D003D1FE8 /* SelectSpotTypeCell.xib */ = {isa = PBXFileReference; fileEncoding = 4; lastKnownFileType = file.xib; path = SelectSpotTypeCell.xib; sourceTree = "<group>"; };
		B7F1A4591E6E44A0003D1FE8 /* SelectSpotTypeCell.swift */ = {isa = PBXFileReference; fileEncoding = 4; lastKnownFileType = sourcecode.swift; path = SelectSpotTypeCell.swift; sourceTree = "<group>"; };
		B7F1A45B1E6F9EB9003D1FE8 /* AWSCore.framework */ = {isa = PBXFileReference; lastKnownFileType = wrapper.framework; path = AWSCore.framework; sourceTree = "<group>"; };
		B7F1A45D1E6F9ECF003D1FE8 /* AWSS3.framework */ = {isa = PBXFileReference; lastKnownFileType = wrapper.framework; path = AWSS3.framework; sourceTree = "<group>"; };
		B7FB95B81F51107300CBEF81 /* NoNetworkViewController.swift */ = {isa = PBXFileReference; fileEncoding = 4; lastKnownFileType = sourcecode.swift; path = NoNetworkViewController.swift; sourceTree = "<group>"; };
		B7FBC55E1EA8383400EF0CAB /* PhotosContainerViewController.swift */ = {isa = PBXFileReference; fileEncoding = 4; lastKnownFileType = sourcecode.swift; path = PhotosContainerViewController.swift; sourceTree = "<group>"; };
		B7FBC5601EA86D1800EF0CAB /* FacilityImageCell.swift */ = {isa = PBXFileReference; fileEncoding = 4; lastKnownFileType = sourcecode.swift; path = FacilityImageCell.swift; sourceTree = "<group>"; };
		B7FBC5621EA86D7200EF0CAB /* FacilityImageCell.xib */ = {isa = PBXFileReference; fileEncoding = 4; lastKnownFileType = file.xib; path = FacilityImageCell.xib; sourceTree = "<group>"; };
		C76A7D860A97B1CC32CA5AC8 /* Pods-Spots.debug.xcconfig */ = {isa = PBXFileReference; includeInIndex = 1; lastKnownFileType = text.xcconfig; name = "Pods-Spots.debug.xcconfig"; path = "Pods/Target Support Files/Pods-Spots/Pods-Spots.debug.xcconfig"; sourceTree = "<group>"; };
		D5591A9045D523A013F51CBE /* Pods-SpotsTests.debug.xcconfig */ = {isa = PBXFileReference; includeInIndex = 1; lastKnownFileType = text.xcconfig; name = "Pods-SpotsTests.debug.xcconfig"; path = "Pods/Target Support Files/Pods-SpotsTests/Pods-SpotsTests.debug.xcconfig"; sourceTree = "<group>"; };
/* End PBXFileReference section */

/* Begin PBXFrameworksBuildPhase section */
		B72775591E62C27B009B20A7 /* Frameworks */ = {
			isa = PBXFrameworksBuildPhase;
			buildActionMask = 2147483647;
			files = (
				B7221DD620800CC700AB9B65 /* Realm.framework in Frameworks */,
				B7E77BD71F3BC62A00C39E65 /* MobileCoreServices.framework in Frameworks */,
				B77567A92086F8980014B8EB /* RealmSwift.framework in Frameworks */,
				B7221DD720800CC700AB9B65 /* RealmSwift.framework in Frameworks */,
				B7F746BB20EAF8C400DB131D /* ImageIO.framework in Frameworks */,
				B77567A72086F8980014B8EB /* Realm.framework in Frameworks */,
				B7F1A45F1E6FBBE9003D1FE8 /* AWSS3.framework in Frameworks */,
				B7F1A4611E6FBBE9003D1FE8 /* AWSCore.framework in Frameworks */,
				7D34DD9F82412ABDF50B99B6 /* Pods_Spots.framework in Frameworks */,
			);
			runOnlyForDeploymentPostprocessing = 0;
		};
		B727756D1E62C27B009B20A7 /* Frameworks */ = {
			isa = PBXFrameworksBuildPhase;
			buildActionMask = 2147483647;
			files = (
				3F0C8C940309DB5B59CA1016 /* Pods_SpotsTests.framework in Frameworks */,
			);
			runOnlyForDeploymentPostprocessing = 0;
		};
/* End PBXFrameworksBuildPhase section */

/* Begin PBXGroup section */
		39DC86549FEB527A4401AE63 /* Pods */ = {
			isa = PBXGroup;
			children = (
				C76A7D860A97B1CC32CA5AC8 /* Pods-Spots.debug.xcconfig */,
				007EF68DF32644BB7D6CD605 /* Pods-Spots.release.xcconfig */,
				D5591A9045D523A013F51CBE /* Pods-SpotsTests.debug.xcconfig */,
				196ADEC6DB52F7B8B59D44BB /* Pods-SpotsTests.release.xcconfig */,
			);
			name = Pods;
			sourceTree = "<group>";
		};
		64862A4BE3AE2B58EEDAF17B /* Frameworks */ = {
			isa = PBXGroup;
			children = (
				B7221DD420800CC600AB9B65 /* Realm.framework */,
				B7221DD520800CC700AB9B65 /* RealmSwift.framework */,
				B7E77BD61F3BC62A00C39E65 /* MobileCoreServices.framework */,
				B7E77BD41F3BC61E00C39E65 /* ImageIO.framework */,
				B7F1A45D1E6F9ECF003D1FE8 /* AWSS3.framework */,
				B7F1A45B1E6F9EB9003D1FE8 /* AWSCore.framework */,
				582FDB3F05CF7841AC46FA69 /* Pods_Spots.framework */,
				AB318AC6AE1AD6ECD965AB01 /* Pods_SpotsTests.framework */,
			);
			name = Frameworks;
			sourceTree = "<group>";
		};
		B7019CA71E830282000765DC /* Popups */ = {
			isa = PBXGroup;
			children = (
				B7019CA81E8302D7000765DC /* ValidationPopup.xib */,
				B7019CAA1E830327000765DC /* ValidationPopupViewController.swift */,
				B7D925D01E8620E100F160F8 /* SpotTypeName.xib */,
				B7D925D21E86211A00F160F8 /* SpotTypeNameViewController.swift */,
			);
			path = Popups;
			sourceTree = "<group>";
		};
		B70258361E63BEB40090E86B /* Controls */ = {
			isa = PBXGroup;
			children = (
				B70258371E63BED00090E86B /* ButtonExtension.swift */,
				B702583E1E64016A0090E86B /* SimpleBackUIBarButton.swift */,
				B7049DFE1E651060000824EA /* IconExtension.swift */,
				B7AEB7041E6D165000AF6E65 /* UIImageExtension.swift */,
				B7B20ADE1EA05066006B86CA /* UIGradientImageView.swift */,
				B72ADF0F2030383200D1CF71 /* RoundedBGLabel.swift */,
			);
			path = Controls;
			sourceTree = "<group>";
		};
		B70258391E63D7740090E86B /* Backend */ = {
			isa = PBXGroup;
			children = (
				B77692381E80E1420099412E /* GoodSpotsError.swift */,
				B776923A1E80E1940099412E /* APIConstants.swift */,
				B776923C1E80E2030099412E /* ApiServiceTask.swift */,
				B776923E1E80E2930099412E /* ApiServices.swift */,
				B77692401E80E3080099412E /* ApiServiceTaskFactory.swift */,
				B77692421E80E32C0099412E /* ApiServiceController.swift */,
			);
			path = Backend;
			sourceTree = "<group>";
		};
		B7049E001E653AC5000824EA /* ThirdParty */ = {
			isa = PBXGroup;
			children = (
				B7F160E62092B6F500B13A26 /* PaperOnboarding */,
				B7CE9B4820201B9300B823FF /* Material */,
				B7F04DA11EA04AB300FFCF1C /* FXLabel */,
			);
			path = ThirdParty;
			sourceTree = "<group>";
		};
		B70EA4AE1E80DD340075ADA1 /* Models */ = {
			isa = PBXGroup;
			children = (
				B77692361E80DE060099412E /* Models.swift */,
			);
			path = Models;
			sourceTree = "<group>";
		};
		B72775531E62C27B009B20A7 = {
			isa = PBXGroup;
			children = (
				B727755E1E62C27B009B20A7 /* Spots */,
				B727755D1E62C27B009B20A7 /* Products */,
				39DC86549FEB527A4401AE63 /* Pods */,
				64862A4BE3AE2B58EEDAF17B /* Frameworks */,
			);
			sourceTree = "<group>";
		};
		B727755D1E62C27B009B20A7 /* Products */ = {
			isa = PBXGroup;
			children = (
				B727755C1E62C27B009B20A7 /* goodspots.app */,
				B72775701E62C27B009B20A7 /* goodspotsTests.xctest */,
			);
			name = Products;
			sourceTree = "<group>";
		};
		B727755E1E62C27B009B20A7 /* Spots */ = {
			isa = PBXGroup;
			children = (
				B72ED5EC201C6FB50029DBD3 /* Fonts */,
				B7019CA71E830282000765DC /* Popups */,
				B70EA4AE1E80DD340075ADA1 /* Models */,
				B7AEB7081E6E388B00AF6E65 /* Cells */,
				B7A4AD961E69008B0055FC80 /* Delegates */,
				B7049E001E653AC5000824EA /* ThirdParty */,
				B70258391E63D7740090E86B /* Backend */,
				B70258361E63BEB40090E86B /* Controls */,
				B7A376791E63A46C004F4786 /* Utils */,
				B72775831E62C44E009B20A7 /* ViewControllers */,
				B727755F1E62C27B009B20A7 /* AppDelegate.swift */,
				B72775631E62C27B009B20A7 /* Main.storyboard */,
				B72775661E62C27B009B20A7 /* Assets.xcassets */,
				B72775681E62C27B009B20A7 /* LaunchScreen.storyboard */,
				B7049E0B1E653B8A000824EA /* Spots-Bridging-Header.h */,
				B727756B1E62C27B009B20A7 /* Info.plist */,
			);
			path = Spots;
			sourceTree = "<group>";
		};
		B72775831E62C44E009B20A7 /* ViewControllers */ = {
			isa = PBXGroup;
			children = (
				B702583A1E63D8730090E86B /* AppNavigationController.swift */,
				B72775841E62C506009B20A7 /* AppBottomNavigationController.swift */,
				B7A376521E62CD6B004F4786 /* PostViewController.swift */,
				B7A376541E62CD76004F4786 /* MeViewController.swift */,
				B7A376561E62CD81004F4786 /* MapContainerViewController.swift */,
				B7A376751E63828F004F4786 /* MapViewController.swift */,
				B7A376771E63946C004F4786 /* LoginViewController.swift */,
				B702583C1E6400700090E86B /* UserSettingsViewController.swift */,
				B7049E2F1E66528A000824EA /* PostTableViewController.swift */,
				B7AEB7061E6D322900AF6E65 /* SelectSpotTypeViewController.swift */,
				B7020A5B1E72463D007C437A /* MySpotsViewController.swift */,
				B7020A5D1E724753007C437A /* SpotDetailViewController.swift */,
				B7F04D9F1EA041CA00FFCF1C /* FacilityDetailViewController.swift */,
				B7FBC55E1EA8383400EF0CAB /* PhotosContainerViewController.swift */,
				B7FB95B81F51107300CBEF81 /* NoNetworkViewController.swift */,
				B765D52F2022DA8C00D9EAD5 /* NoNetworkTableViewController.swift */,
				B730ABF520706FC300BA18CA /* ProfileViewController.swift */,
				B730ABF72070AA9100BA18CA /* InfoViewController.swift */,
				B742934E2073FEC00008B827 /* NewUserViewController.swift */,
				B7F161072092B9A900B13A26 /* OnboardingView.swift */,
				B7F161092092BD1C00B13A26 /* OnboardingViewController.swift */,
			);
			path = ViewControllers;
			sourceTree = "<group>";
		};
		B72ED5EC201C6FB50029DBD3 /* Fonts */ = {
			isa = PBXGroup;
			children = (
				B72ED5ED201C6FDB0029DBD3 /* Roboto-Bold.ttf */,
				B72ED5EE201C6FDD0029DBD3 /* Roboto-Light.ttf */,
				B72ED5EF201C6FDF0029DBD3 /* Roboto-Medium.ttf */,
				B72ED5F0201C6FE10029DBD3 /* Roboto-Regular.ttf */,
				B72ED5F1201C6FE40029DBD3 /* Roboto-Thin.ttf */,
			);
			path = Fonts;
			sourceTree = "<group>";
		};
		B7A376791E63A46C004F4786 /* Utils */ = {
			isa = PBXGroup;
			children = (
				B7A3767A1E63A48D004F4786 /* Colors.swift */,
				B7049DFC1E6500B9000824EA /* AppUserDefaults.swift */,
				B7B20AE11EA0550F006B86CA /* FontExtension.swift */,
			);
			path = Utils;
			sourceTree = "<group>";
		};
		B7A4AD961E69008B0055FC80 /* Delegates */ = {
			isa = PBXGroup;
			children = (
				B7A4AD971E6900B10055FC80 /* Delegates.swift */,
			);
			path = Delegates;
			sourceTree = "<group>";
		};
		B7AEB7081E6E388B00AF6E65 /* Cells */ = {
			isa = PBXGroup;
			children = (
				B7F1A4571E6E447D003D1FE8 /* SelectSpotTypeCell.xib */,
				B7F1A4591E6E44A0003D1FE8 /* SelectSpotTypeCell.swift */,
				B7FBC5601EA86D1800EF0CAB /* FacilityImageCell.swift */,
				B7FBC5621EA86D7200EF0CAB /* FacilityImageCell.xib */,
			);
			path = Cells;
			sourceTree = "<group>";
		};
		B7CE9B4820201B9300B823FF /* Material */ = {
			isa = PBXGroup;
			children = (
				B7CE9B4D20201D5600B823FF /* Screen.swift */,
				B7CE9B4B20201C8B00B823FF /* Material+UIImage.swift */,
				B7CE9B4920201BE900B823FF /* Color.swift */,
				B7CE9B4F202021C200B823FF /* Icon.swift */,
			);
			path = Material;
			sourceTree = "<group>";
		};
		B7F04DA11EA04AB300FFCF1C /* FXLabel */ = {
			isa = PBXGroup;
			children = (
				B7F04DA21EA04AE300FFCF1C /* FXLabel.h */,
				B7F04DA31EA04B1000FFCF1C /* FXLabel.m */,
			);
			path = FXLabel;
			sourceTree = "<group>";
		};
		B7F160E62092B6F500B13A26 /* PaperOnboarding */ = {
			isa = PBXGroup;
			children = (
				B7F160F62092B74700B13A26 /* FillAnimationView */,
				B7F160F92092B74700B13A26 /* GestureControl */,
				B7F160F22092B74700B13A26 /* Helpers */,
				B7F160E72092B74700B13A26 /* OnboardingContentView */,
				B7F160EC2092B74700B13A26 /* PageView */,
				B7F160F82092B74700B13A26 /* PaperOnboarding.swift */,
				B7F160F52092B74700B13A26 /* PaperOnboardingDataSource.swift */,
				B7F160EB2092B74700B13A26 /* PaperOnboardingDelegate.swift */,
			);
			path = PaperOnboarding;
			sourceTree = "<group>";
		};
		B7F160E72092B74700B13A26 /* OnboardingContentView */ = {
			isa = PBXGroup;
			children = (
				B7F160E82092B74700B13A26 /* OnboardingContentView.swift */,
				B7F160E92092B74700B13A26 /* Item */,
			);
			path = OnboardingContentView;
			sourceTree = "<group>";
		};
		B7F160E92092B74700B13A26 /* Item */ = {
			isa = PBXGroup;
			children = (
				B7F160EA2092B74700B13A26 /* OnboardingContantViewItem.swift */,
			);
			path = Item;
			sourceTree = "<group>";
		};
		B7F160EC2092B74700B13A26 /* PageView */ = {
			isa = PBXGroup;
			children = (
				B7F160ED2092B74700B13A26 /* PageContainerView */,
				B7F160EF2092B74700B13A26 /* Item */,
				B7F160F12092B74700B13A26 /* PageView.swift */,
			);
			path = PageView;
			sourceTree = "<group>";
		};
		B7F160ED2092B74700B13A26 /* PageContainerView */ = {
			isa = PBXGroup;
			children = (
				B7F160EE2092B74700B13A26 /* PageContainer.swift */,
			);
			path = PageContainerView;
			sourceTree = "<group>";
		};
		B7F160EF2092B74700B13A26 /* Item */ = {
			isa = PBXGroup;
			children = (
				B7F160F02092B74700B13A26 /* PageViewItem.swift */,
			);
			path = Item;
			sourceTree = "<group>";
		};
		B7F160F22092B74700B13A26 /* Helpers */ = {
			isa = PBXGroup;
			children = (
				B7F160F32092B74700B13A26 /* ConstraintsHelper.swift */,
				B7F160F42092B74700B13A26 /* Configuring.swift */,
			);
			path = Helpers;
			sourceTree = "<group>";
		};
		B7F160F62092B74700B13A26 /* FillAnimationView */ = {
			isa = PBXGroup;
			children = (
				B7F160F72092B74700B13A26 /* FillAnimationView.swift */,
			);
			path = FillAnimationView;
			sourceTree = "<group>";
		};
		B7F160F92092B74700B13A26 /* GestureControl */ = {
			isa = PBXGroup;
			children = (
				B7F160FA2092B74700B13A26 /* GestureControl.swift */,
			);
			path = GestureControl;
			sourceTree = "<group>";
		};
/* End PBXGroup section */

/* Begin PBXNativeTarget section */
		B727755B1E62C27B009B20A7 /* goodspots */ = {
			isa = PBXNativeTarget;
			buildConfigurationList = B72775791E62C27B009B20A7 /* Build configuration list for PBXNativeTarget "goodspots" */;
			buildPhases = (
				D3037DBA24D67E1925CA1A64 /* [CP] Check Pods Manifest.lock */,
				B72775581E62C27B009B20A7 /* Sources */,
				B72775591E62C27B009B20A7 /* Frameworks */,
				B727755A1E62C27B009B20A7 /* Resources */,
				0FBECD4C8CE514542FB21955 /* [CP] Embed Pods Frameworks */,
				2E78958E4ACD01DA621F5C54 /* [CP] Copy Pods Resources */,
				B7F1A4631E6FBBE9003D1FE8 /* Embed Frameworks */,
				B7118896202D37DD00C45C3B /* ShellScript */,
			);
			buildRules = (
			);
			dependencies = (
			);
			name = goodspots;
			productName = Spots;
			productReference = B727755C1E62C27B009B20A7 /* goodspots.app */;
			productType = "com.apple.product-type.application";
		};
		B727756F1E62C27B009B20A7 /* goodspotsTests */ = {
			isa = PBXNativeTarget;
			buildConfigurationList = B727757C1E62C27B009B20A7 /* Build configuration list for PBXNativeTarget "goodspotsTests" */;
			buildPhases = (
				CA03D56E2CF18809C982897D /* [CP] Check Pods Manifest.lock */,
				B727756C1E62C27B009B20A7 /* Sources */,
				B727756D1E62C27B009B20A7 /* Frameworks */,
				B727756E1E62C27B009B20A7 /* Resources */,
				3E0FE905211DC50154150A92 /* [CP] Embed Pods Frameworks */,
				81A2C02A50A7AC6F9A0BE9B9 /* [CP] Copy Pods Resources */,
			);
			buildRules = (
			);
			dependencies = (
				B72775721E62C27B009B20A7 /* PBXTargetDependency */,
			);
			name = goodspotsTests;
			productName = SpotsTests;
			productReference = B72775701E62C27B009B20A7 /* goodspotsTests.xctest */;
			productType = "com.apple.product-type.bundle.unit-test";
		};
/* End PBXNativeTarget section */

/* Begin PBXProject section */
		B72775541E62C27B009B20A7 /* Project object */ = {
			isa = PBXProject;
			attributes = {
				LastSwiftUpdateCheck = 0820;
				LastUpgradeCheck = 0920;
				ORGANIZATIONNAME = goodbox;
				TargetAttributes = {
					B727755B1E62C27B009B20A7 = {
						CreatedOnToolsVersion = 8.2.1;
						DevelopmentTeam = UJ8R67WH26;
						LastSwiftMigration = 0820;
						ProvisioningStyle = Automatic;
					};
					B727756F1E62C27B009B20A7 = {
						CreatedOnToolsVersion = 8.2.1;
						DevelopmentTeam = UJ8R67WH26;
						ProvisioningStyle = Automatic;
						TestTargetID = B727755B1E62C27B009B20A7;
					};
				};
			};
			buildConfigurationList = B72775571E62C27B009B20A7 /* Build configuration list for PBXProject "goodspots" */;
			compatibilityVersion = "Xcode 8.0";
			developmentRegion = English;
			hasScannedForEncodings = 0;
			knownRegions = (
				en,
				Base,
			);
			mainGroup = B72775531E62C27B009B20A7;
			productRefGroup = B727755D1E62C27B009B20A7 /* Products */;
			projectDirPath = "";
			projectRoot = "";
			targets = (
				B727755B1E62C27B009B20A7 /* goodspots */,
				B727756F1E62C27B009B20A7 /* goodspotsTests */,
			);
		};
/* End PBXProject section */

/* Begin PBXResourcesBuildPhase section */
		B727755A1E62C27B009B20A7 /* Resources */ = {
			isa = PBXResourcesBuildPhase;
			buildActionMask = 2147483647;
			files = (
				B72ED5F4201C6FE40029DBD3 /* Roboto-Medium.ttf in Resources */,
				B72ED5F5201C6FE40029DBD3 /* Roboto-Regular.ttf in Resources */,
				B727756A1E62C27B009B20A7 /* LaunchScreen.storyboard in Resources */,
				B72775671E62C27B009B20A7 /* Assets.xcassets in Resources */,
				B7D925D11E8620E100F160F8 /* SpotTypeName.xib in Resources */,
				B7019CA91E8302D7000765DC /* ValidationPopup.xib in Resources */,
				B7FBC5631EA86D7200EF0CAB /* FacilityImageCell.xib in Resources */,
				B72775651E62C27B009B20A7 /* Main.storyboard in Resources */,
				B72ED5F6201C6FE40029DBD3 /* Roboto-Thin.ttf in Resources */,
				B72ED5F2201C6FE40029DBD3 /* Roboto-Bold.ttf in Resources */,
				B7F1A4581E6E447D003D1FE8 /* SelectSpotTypeCell.xib in Resources */,
				B72ED5F3201C6FE40029DBD3 /* Roboto-Light.ttf in Resources */,
			);
			runOnlyForDeploymentPostprocessing = 0;
		};
		B727756E1E62C27B009B20A7 /* Resources */ = {
			isa = PBXResourcesBuildPhase;
			buildActionMask = 2147483647;
			files = (
			);
			runOnlyForDeploymentPostprocessing = 0;
		};
/* End PBXResourcesBuildPhase section */

/* Begin PBXShellScriptBuildPhase section */
		0FBECD4C8CE514542FB21955 /* [CP] Embed Pods Frameworks */ = {
			isa = PBXShellScriptBuildPhase;
			buildActionMask = 2147483647;
			files = (
			);
			inputPaths = (
				"${SRCROOT}/Pods/Target Support Files/Pods-Spots/Pods-Spots-frameworks.sh",
				"${BUILT_PRODUCTS_DIR}/Alamofire/Alamofire.framework",
				"${BUILT_PRODUCTS_DIR}/AlamofireImage/AlamofireImage.framework",
				"${BUILT_PRODUCTS_DIR}/Bolts/Bolts.framework",
				"${BUILT_PRODUCTS_DIR}/Cache/Cache.framework",
				"${BUILT_PRODUCTS_DIR}/FBSDKCoreKit/FBSDKCoreKit.framework",
				"${BUILT_PRODUCTS_DIR}/FBSDKLoginKit/FBSDKLoginKit.framework",
				"${BUILT_PRODUCTS_DIR}/FacebookCore/FacebookCore.framework",
				"${BUILT_PRODUCTS_DIR}/FacebookLogin/FacebookLogin.framework",
				"${BUILT_PRODUCTS_DIR}/Hue/Hue.framework",
				"${BUILT_PRODUCTS_DIR}/ImagePicker/ImagePicker.framework",
				"${BUILT_PRODUCTS_DIR}/Imaginary/Imaginary.framework",
				"${BUILT_PRODUCTS_DIR}/Kingfisher/Kingfisher.framework",
				"${BUILT_PRODUCTS_DIR}/Lightbox/Lightbox.framework",
				"${BUILT_PRODUCTS_DIR}/MDFInternationalization/MDFInternationalization.framework",
				"${BUILT_PRODUCTS_DIR}/MDFTextAccessibility/MDFTextAccessibility.framework",
				"${BUILT_PRODUCTS_DIR}/MaterialComponents/MaterialComponents.framework",
				"${BUILT_PRODUCTS_DIR}/MotionAnimator/MotionAnimator.framework",
				"${BUILT_PRODUCTS_DIR}/MotionInterchange/MotionInterchange.framework",
				"${BUILT_PRODUCTS_DIR}/MotionTransitioning/MotionTransitioning.framework",
				"${BUILT_PRODUCTS_DIR}/PopupDialog/PopupDialog.framework",
				"${BUILT_PRODUCTS_DIR}/ReachabilitySwift/Reachability.framework",
				"${BUILT_PRODUCTS_DIR}/Serrata/Serrata.framework",
				"${BUILT_PRODUCTS_DIR}/SwiftyJSON/SwiftyJSON.framework",
				"${BUILT_PRODUCTS_DIR}/XLActionController/XLActionController.framework",
			);
			name = "[CP] Embed Pods Frameworks";
			outputPaths = (
				"${TARGET_BUILD_DIR}/${FRAMEWORKS_FOLDER_PATH}/Alamofire.framework",
				"${TARGET_BUILD_DIR}/${FRAMEWORKS_FOLDER_PATH}/AlamofireImage.framework",
				"${TARGET_BUILD_DIR}/${FRAMEWORKS_FOLDER_PATH}/Bolts.framework",
				"${TARGET_BUILD_DIR}/${FRAMEWORKS_FOLDER_PATH}/Cache.framework",
				"${TARGET_BUILD_DIR}/${FRAMEWORKS_FOLDER_PATH}/FBSDKCoreKit.framework",
				"${TARGET_BUILD_DIR}/${FRAMEWORKS_FOLDER_PATH}/FBSDKLoginKit.framework",
				"${TARGET_BUILD_DIR}/${FRAMEWORKS_FOLDER_PATH}/FacebookCore.framework",
				"${TARGET_BUILD_DIR}/${FRAMEWORKS_FOLDER_PATH}/FacebookLogin.framework",
				"${TARGET_BUILD_DIR}/${FRAMEWORKS_FOLDER_PATH}/Hue.framework",
				"${TARGET_BUILD_DIR}/${FRAMEWORKS_FOLDER_PATH}/ImagePicker.framework",
				"${TARGET_BUILD_DIR}/${FRAMEWORKS_FOLDER_PATH}/Imaginary.framework",
				"${TARGET_BUILD_DIR}/${FRAMEWORKS_FOLDER_PATH}/Kingfisher.framework",
				"${TARGET_BUILD_DIR}/${FRAMEWORKS_FOLDER_PATH}/Lightbox.framework",
				"${TARGET_BUILD_DIR}/${FRAMEWORKS_FOLDER_PATH}/MDFInternationalization.framework",
				"${TARGET_BUILD_DIR}/${FRAMEWORKS_FOLDER_PATH}/MDFTextAccessibility.framework",
				"${TARGET_BUILD_DIR}/${FRAMEWORKS_FOLDER_PATH}/MaterialComponents.framework",
				"${TARGET_BUILD_DIR}/${FRAMEWORKS_FOLDER_PATH}/MotionAnimator.framework",
				"${TARGET_BUILD_DIR}/${FRAMEWORKS_FOLDER_PATH}/MotionInterchange.framework",
				"${TARGET_BUILD_DIR}/${FRAMEWORKS_FOLDER_PATH}/MotionTransitioning.framework",
				"${TARGET_BUILD_DIR}/${FRAMEWORKS_FOLDER_PATH}/PopupDialog.framework",
				"${TARGET_BUILD_DIR}/${FRAMEWORKS_FOLDER_PATH}/Reachability.framework",
				"${TARGET_BUILD_DIR}/${FRAMEWORKS_FOLDER_PATH}/Serrata.framework",
				"${TARGET_BUILD_DIR}/${FRAMEWORKS_FOLDER_PATH}/SwiftyJSON.framework",
				"${TARGET_BUILD_DIR}/${FRAMEWORKS_FOLDER_PATH}/XLActionController.framework",
			);
			runOnlyForDeploymentPostprocessing = 0;
			shellPath = /bin/sh;
			shellScript = "\"${SRCROOT}/Pods/Target Support Files/Pods-Spots/Pods-Spots-frameworks.sh\"\n";
			showEnvVarsInLog = 0;
		};
		2E78958E4ACD01DA621F5C54 /* [CP] Copy Pods Resources */ = {
			isa = PBXShellScriptBuildPhase;
			buildActionMask = 2147483647;
			files = (
			);
			inputPaths = (
				"${SRCROOT}/Pods/Target Support Files/Pods-Spots/Pods-Spots-resources.sh",
				"${PODS_ROOT}/GoogleMaps/Maps/Frameworks/GoogleMaps.framework/Resources/GoogleMaps.bundle",
				"${PODS_ROOT}/GooglePlaces/Frameworks/GooglePlaces.framework/Resources/GooglePlaces.bundle",
			);
			name = "[CP] Copy Pods Resources";
			outputPaths = (
				"${TARGET_BUILD_DIR}/${UNLOCALIZED_RESOURCES_FOLDER_PATH}",
			);
			runOnlyForDeploymentPostprocessing = 0;
			shellPath = /bin/sh;
			shellScript = "\"${SRCROOT}/Pods/Target Support Files/Pods-Spots/Pods-Spots-resources.sh\"\n";
			showEnvVarsInLog = 0;
		};
		3E0FE905211DC50154150A92 /* [CP] Embed Pods Frameworks */ = {
			isa = PBXShellScriptBuildPhase;
			buildActionMask = 2147483647;
			files = (
			);
			inputPaths = (
			);
			name = "[CP] Embed Pods Frameworks";
			outputPaths = (
			);
			runOnlyForDeploymentPostprocessing = 0;
			shellPath = /bin/sh;
			shellScript = "\"${SRCROOT}/Pods/Target Support Files/Pods-SpotsTests/Pods-SpotsTests-frameworks.sh\"\n";
			showEnvVarsInLog = 0;
		};
		81A2C02A50A7AC6F9A0BE9B9 /* [CP] Copy Pods Resources */ = {
			isa = PBXShellScriptBuildPhase;
			buildActionMask = 2147483647;
			files = (
			);
			inputPaths = (
			);
			name = "[CP] Copy Pods Resources";
			outputPaths = (
			);
			runOnlyForDeploymentPostprocessing = 0;
			shellPath = /bin/sh;
			shellScript = "\"${SRCROOT}/Pods/Target Support Files/Pods-SpotsTests/Pods-SpotsTests-resources.sh\"\n";
			showEnvVarsInLog = 0;
		};
		B7118896202D37DD00C45C3B /* ShellScript */ = {
			isa = PBXShellScriptBuildPhase;
			buildActionMask = 2147483647;
			files = (
			);
			inputPaths = (
			);
			outputPaths = (
			);
			runOnlyForDeploymentPostprocessing = 0;
			shellPath = /bin/sh;
			shellScript = "";
		};
		CA03D56E2CF18809C982897D /* [CP] Check Pods Manifest.lock */ = {
			isa = PBXShellScriptBuildPhase;
			buildActionMask = 2147483647;
			files = (
			);
			inputPaths = (
				"${PODS_PODFILE_DIR_PATH}/Podfile.lock",
				"${PODS_ROOT}/Manifest.lock",
			);
			name = "[CP] Check Pods Manifest.lock";
			outputPaths = (
				"$(DERIVED_FILE_DIR)/Pods-SpotsTests-checkManifestLockResult.txt",
			);
			runOnlyForDeploymentPostprocessing = 0;
			shellPath = /bin/sh;
			shellScript = "diff \"${PODS_PODFILE_DIR_PATH}/Podfile.lock\" \"${PODS_ROOT}/Manifest.lock\" > /dev/null\nif [ $? != 0 ] ; then\n    # print error to STDERR\n    echo \"error: The sandbox is not in sync with the Podfile.lock. Run 'pod install' or update your CocoaPods installation.\" >&2\n    exit 1\nfi\n# This output is used by Xcode 'outputs' to avoid re-running this script phase.\necho \"SUCCESS\" > \"${SCRIPT_OUTPUT_FILE_0}\"\n";
			showEnvVarsInLog = 0;
		};
		D3037DBA24D67E1925CA1A64 /* [CP] Check Pods Manifest.lock */ = {
			isa = PBXShellScriptBuildPhase;
			buildActionMask = 2147483647;
			files = (
			);
			inputPaths = (
				"${PODS_PODFILE_DIR_PATH}/Podfile.lock",
				"${PODS_ROOT}/Manifest.lock",
			);
			name = "[CP] Check Pods Manifest.lock";
			outputPaths = (
				"$(DERIVED_FILE_DIR)/Pods-Spots-checkManifestLockResult.txt",
			);
			runOnlyForDeploymentPostprocessing = 0;
			shellPath = /bin/sh;
			shellScript = "diff \"${PODS_PODFILE_DIR_PATH}/Podfile.lock\" \"${PODS_ROOT}/Manifest.lock\" > /dev/null\nif [ $? != 0 ] ; then\n    # print error to STDERR\n    echo \"error: The sandbox is not in sync with the Podfile.lock. Run 'pod install' or update your CocoaPods installation.\" >&2\n    exit 1\nfi\n# This output is used by Xcode 'outputs' to avoid re-running this script phase.\necho \"SUCCESS\" > \"${SCRIPT_OUTPUT_FILE_0}\"\n";
			showEnvVarsInLog = 0;
		};
/* End PBXShellScriptBuildPhase section */

/* Begin PBXSourcesBuildPhase section */
		B72775581E62C27B009B20A7 /* Sources */ = {
			isa = PBXSourcesBuildPhase;
			buildActionMask = 2147483647;
			files = (
				B7B20AE01EA05421006B86CA /* FXLabel.h in Sources */,
				B77692431E80E32C0099412E /* ApiServiceController.swift in Sources */,
				B77692391E80E1420099412E /* GoodSpotsError.swift in Sources */,
				B7F161022092B74700B13A26 /* Configuring.swift in Sources */,
				B7F04DA41EA04B1000FFCF1C /* FXLabel.m in Sources */,
				B7020A5C1E72463D007C437A /* MySpotsViewController.swift in Sources */,
				B70258381E63BED00090E86B /* ButtonExtension.swift in Sources */,
				B7B20ADF1EA05066006B86CA /* UIGradientImageView.swift in Sources */,
				B7A376781E63946C004F4786 /* LoginViewController.swift in Sources */,
				B7020A5E1E724753007C437A /* SpotDetailViewController.swift in Sources */,
				B7AEB7051E6D165000AF6E65 /* UIImageExtension.swift in Sources */,
				B7A3767B1E63A48D004F4786 /* Colors.swift in Sources */,
				B7A376531E62CD6B004F4786 /* PostViewController.swift in Sources */,
				B7F160FE2092B74700B13A26 /* PageContainer.swift in Sources */,
				B742934F2073FEC00008B827 /* NewUserViewController.swift in Sources */,
				B7F160FF2092B74700B13A26 /* PageViewItem.swift in Sources */,
				B7F04DA01EA041CA00FFCF1C /* FacilityDetailViewController.swift in Sources */,
				B72ADF102030383200D1CF71 /* RoundedBGLabel.swift in Sources */,
				B7F161032092B74700B13A26 /* PaperOnboardingDataSource.swift in Sources */,
				B776923D1E80E2030099412E /* ApiServiceTask.swift in Sources */,
				B7F1A45A1E6E44A0003D1FE8 /* SelectSpotTypeCell.swift in Sources */,
				B765D5302022DA8C00D9EAD5 /* NoNetworkTableViewController.swift in Sources */,
				B7049DFF1E651060000824EA /* IconExtension.swift in Sources */,
				B7AEB7071E6D322900AF6E65 /* SelectSpotTypeViewController.swift in Sources */,
				B7F161042092B74700B13A26 /* FillAnimationView.swift in Sources */,
				B7CE9B4A20201BEA00B823FF /* Color.swift in Sources */,
				B7FBC55F1EA8383400EF0CAB /* PhotosContainerViewController.swift in Sources */,
				B702583F1E64016A0090E86B /* SimpleBackUIBarButton.swift in Sources */,
				B7F1610A2092BD1C00B13A26 /* OnboardingViewController.swift in Sources */,
				B730ABF82070AA9100BA18CA /* InfoViewController.swift in Sources */,
				B7D925D31E86211A00F160F8 /* SpotTypeNameViewController.swift in Sources */,
				B77692371E80DE060099412E /* Models.swift in Sources */,
				B7A376761E63828F004F4786 /* MapViewController.swift in Sources */,
				B72775851E62C506009B20A7 /* AppBottomNavigationController.swift in Sources */,
				B7019CAB1E830327000765DC /* ValidationPopupViewController.swift in Sources */,
				B7A4AD981E6900B10055FC80 /* Delegates.swift in Sources */,
				B7F161002092B74700B13A26 /* PageView.swift in Sources */,
				B77692411E80E3080099412E /* ApiServiceTaskFactory.swift in Sources */,
				B7F160FB2092B74700B13A26 /* OnboardingContentView.swift in Sources */,
				B7F161052092B74700B13A26 /* PaperOnboarding.swift in Sources */,
				B702583D1E6400700090E86B /* UserSettingsViewController.swift in Sources */,
				B7049DFD1E6500B9000824EA /* AppUserDefaults.swift in Sources */,
				B7049E301E66528A000824EA /* PostTableViewController.swift in Sources */,
				B7CE9B50202021C200B823FF /* Icon.swift in Sources */,
				B7F160FD2092B74700B13A26 /* PaperOnboardingDelegate.swift in Sources */,
				B7F161062092B74700B13A26 /* GestureControl.swift in Sources */,
				B7CE9B4E20201D5700B823FF /* Screen.swift in Sources */,
				B7A376551E62CD76004F4786 /* MeViewController.swift in Sources */,
				B7FB95B91F51107300CBEF81 /* NoNetworkViewController.swift in Sources */,
				B7F160FC2092B74700B13A26 /* OnboardingContantViewItem.swift in Sources */,
				B776923B1E80E1940099412E /* APIConstants.swift in Sources */,
				B7B20AE21EA0550F006B86CA /* FontExtension.swift in Sources */,
				B7A376571E62CD81004F4786 /* MapContainerViewController.swift in Sources */,
				B72775601E62C27B009B20A7 /* AppDelegate.swift in Sources */,
				B7CE9B4C20201C8B00B823FF /* Material+UIImage.swift in Sources */,
				B776923F1E80E2930099412E /* ApiServices.swift in Sources */,
				B730ABF620706FC300BA18CA /* ProfileViewController.swift in Sources */,
				B7FBC5611EA86D1800EF0CAB /* FacilityImageCell.swift in Sources */,
				B702583B1E63D8730090E86B /* AppNavigationController.swift in Sources */,
				B7F161082092B9A900B13A26 /* OnboardingView.swift in Sources */,
				B7F161012092B74700B13A26 /* ConstraintsHelper.swift in Sources */,
			);
			runOnlyForDeploymentPostprocessing = 0;
		};
		B727756C1E62C27B009B20A7 /* Sources */ = {
			isa = PBXSourcesBuildPhase;
			buildActionMask = 2147483647;
			files = (
			);
			runOnlyForDeploymentPostprocessing = 0;
		};
/* End PBXSourcesBuildPhase section */

/* Begin PBXTargetDependency section */
		B72775721E62C27B009B20A7 /* PBXTargetDependency */ = {
			isa = PBXTargetDependency;
			target = B727755B1E62C27B009B20A7 /* goodspots */;
			targetProxy = B72775711E62C27B009B20A7 /* PBXContainerItemProxy */;
		};
/* End PBXTargetDependency section */

/* Begin PBXVariantGroup section */
		B72775631E62C27B009B20A7 /* Main.storyboard */ = {
			isa = PBXVariantGroup;
			children = (
				B72775641E62C27B009B20A7 /* Base */,
			);
			name = Main.storyboard;
			sourceTree = "<group>";
		};
		B72775681E62C27B009B20A7 /* LaunchScreen.storyboard */ = {
			isa = PBXVariantGroup;
			children = (
				B72775691E62C27B009B20A7 /* Base */,
			);
			name = LaunchScreen.storyboard;
			sourceTree = "<group>";
		};
/* End PBXVariantGroup section */

/* Begin XCBuildConfiguration section */
		B72775771E62C27B009B20A7 /* Debug */ = {
			isa = XCBuildConfiguration;
			buildSettings = {
				ALWAYS_SEARCH_USER_PATHS = NO;
				CLANG_ANALYZER_NONNULL = YES;
				CLANG_CXX_LANGUAGE_STANDARD = "gnu++0x";
				CLANG_CXX_LIBRARY = "libc++";
				CLANG_ENABLE_MODULES = YES;
				CLANG_ENABLE_OBJC_ARC = YES;
				CLANG_WARN_BLOCK_CAPTURE_AUTORELEASING = YES;
				CLANG_WARN_BOOL_CONVERSION = YES;
				CLANG_WARN_COMMA = YES;
				CLANG_WARN_CONSTANT_CONVERSION = YES;
				CLANG_WARN_DIRECT_OBJC_ISA_USAGE = YES_ERROR;
				CLANG_WARN_DOCUMENTATION_COMMENTS = YES;
				CLANG_WARN_EMPTY_BODY = YES;
				CLANG_WARN_ENUM_CONVERSION = YES;
				CLANG_WARN_INFINITE_RECURSION = YES;
				CLANG_WARN_INT_CONVERSION = YES;
				CLANG_WARN_NON_LITERAL_NULL_CONVERSION = YES;
				CLANG_WARN_OBJC_LITERAL_CONVERSION = YES;
				CLANG_WARN_OBJC_ROOT_CLASS = YES_ERROR;
				CLANG_WARN_RANGE_LOOP_ANALYSIS = YES;
				CLANG_WARN_STRICT_PROTOTYPES = YES;
				CLANG_WARN_SUSPICIOUS_MOVE = YES;
				CLANG_WARN_UNREACHABLE_CODE = YES;
				CLANG_WARN__DUPLICATE_METHOD_MATCH = YES;
				"CODE_SIGN_IDENTITY[sdk=iphoneos*]" = "iPhone Developer";
				COPY_PHASE_STRIP = NO;
				DEBUG_INFORMATION_FORMAT = dwarf;
				ENABLE_STRICT_OBJC_MSGSEND = YES;
				ENABLE_TESTABILITY = NO;
				GCC_C_LANGUAGE_STANDARD = gnu99;
				GCC_DYNAMIC_NO_PIC = NO;
				GCC_NO_COMMON_BLOCKS = YES;
				GCC_OPTIMIZATION_LEVEL = 0;
				GCC_PREPROCESSOR_DEFINITIONS = (
					"DEBUG=1",
					"$(inherited)",
				);
				GCC_WARN_64_TO_32_BIT_CONVERSION = YES;
				GCC_WARN_ABOUT_RETURN_TYPE = YES_ERROR;
				GCC_WARN_UNDECLARED_SELECTOR = YES;
				GCC_WARN_UNINITIALIZED_AUTOS = YES_AGGRESSIVE;
				GCC_WARN_UNUSED_FUNCTION = YES;
				GCC_WARN_UNUSED_VARIABLE = YES;
				IPHONEOS_DEPLOYMENT_TARGET = 10.2;
				MTL_ENABLE_DEBUG_INFO = YES;
				ONLY_ACTIVE_ARCH = YES;
				SDKROOT = iphoneos;
				SWIFT_ACTIVE_COMPILATION_CONDITIONS = DEBUG;
				SWIFT_OPTIMIZATION_LEVEL = "-Onone";
				SWIFT_VERSION = 4.0;
				TARGETED_DEVICE_FAMILY = "1,2";
			};
			name = Debug;
		};
		B72775781E62C27B009B20A7 /* Release */ = {
			isa = XCBuildConfiguration;
			buildSettings = {
				ALWAYS_SEARCH_USER_PATHS = NO;
				CLANG_ANALYZER_NONNULL = YES;
				CLANG_CXX_LANGUAGE_STANDARD = "gnu++0x";
				CLANG_CXX_LIBRARY = "libc++";
				CLANG_ENABLE_MODULES = YES;
				CLANG_ENABLE_OBJC_ARC = YES;
				CLANG_WARN_BLOCK_CAPTURE_AUTORELEASING = YES;
				CLANG_WARN_BOOL_CONVERSION = YES;
				CLANG_WARN_COMMA = YES;
				CLANG_WARN_CONSTANT_CONVERSION = YES;
				CLANG_WARN_DIRECT_OBJC_ISA_USAGE = YES_ERROR;
				CLANG_WARN_DOCUMENTATION_COMMENTS = YES;
				CLANG_WARN_EMPTY_BODY = YES;
				CLANG_WARN_ENUM_CONVERSION = YES;
				CLANG_WARN_INFINITE_RECURSION = YES;
				CLANG_WARN_INT_CONVERSION = YES;
				CLANG_WARN_NON_LITERAL_NULL_CONVERSION = YES;
				CLANG_WARN_OBJC_LITERAL_CONVERSION = YES;
				CLANG_WARN_OBJC_ROOT_CLASS = YES_ERROR;
				CLANG_WARN_RANGE_LOOP_ANALYSIS = YES;
				CLANG_WARN_STRICT_PROTOTYPES = YES;
				CLANG_WARN_SUSPICIOUS_MOVE = YES;
				CLANG_WARN_UNREACHABLE_CODE = YES;
				CLANG_WARN__DUPLICATE_METHOD_MATCH = YES;
				"CODE_SIGN_IDENTITY[sdk=iphoneos*]" = "iPhone Developer";
				COPY_PHASE_STRIP = NO;
				DEBUG_INFORMATION_FORMAT = "dwarf-with-dsym";
				ENABLE_NS_ASSERTIONS = NO;
				ENABLE_STRICT_OBJC_MSGSEND = YES;
				GCC_C_LANGUAGE_STANDARD = gnu99;
				GCC_NO_COMMON_BLOCKS = YES;
				GCC_WARN_64_TO_32_BIT_CONVERSION = YES;
				GCC_WARN_ABOUT_RETURN_TYPE = YES_ERROR;
				GCC_WARN_UNDECLARED_SELECTOR = YES;
				GCC_WARN_UNINITIALIZED_AUTOS = YES_AGGRESSIVE;
				GCC_WARN_UNUSED_FUNCTION = YES;
				GCC_WARN_UNUSED_VARIABLE = YES;
				IPHONEOS_DEPLOYMENT_TARGET = 10.2;
				MTL_ENABLE_DEBUG_INFO = NO;
				ONLY_ACTIVE_ARCH = YES;
				SDKROOT = iphoneos;
				SWIFT_OPTIMIZATION_LEVEL = "-Owholemodule";
				SWIFT_VERSION = 4.0;
				TARGETED_DEVICE_FAMILY = "1,2";
				VALIDATE_PRODUCT = YES;
			};
			name = Release;
		};
		B727757A1E62C27B009B20A7 /* Debug */ = {
			isa = XCBuildConfiguration;
			baseConfigurationReference = C76A7D860A97B1CC32CA5AC8 /* Pods-Spots.debug.xcconfig */;
			buildSettings = {
				ASSETCATALOG_COMPILER_APPICON_NAME = AppIcon;
				CLANG_ENABLE_MODULES = YES;
				DEVELOPMENT_TEAM = UJ8R67WH26;
				ENABLE_TESTABILITY = NO;
				FRAMEWORK_SEARCH_PATHS = (
					"$(inherited)",
					"$(PROJECT_DIR)",
				);
				INFOPLIST_FILE = Spots/Info.plist;
				LD_RUNPATH_SEARCH_PATHS = "$(inherited) @executable_path/Frameworks";
				ONLY_ACTIVE_ARCH = NO;
				PRODUCT_BUNDLE_IDENTIFIER = com.goodboxdesign.goodspots;
				PRODUCT_NAME = "$(TARGET_NAME)";
				SWIFT_OBJC_BRIDGING_HEADER = "Spots/ThirdParty/PopupDialog/Spots-Bridging-Header.h";
				SWIFT_OPTIMIZATION_LEVEL = "-Onone";
				SWIFT_VERSION = 4.0;
			};
			name = Debug;
		};
		B727757B1E62C27B009B20A7 /* Release */ = {
			isa = XCBuildConfiguration;
			baseConfigurationReference = 007EF68DF32644BB7D6CD605 /* Pods-Spots.release.xcconfig */;
			buildSettings = {
				ASSETCATALOG_COMPILER_APPICON_NAME = AppIcon;
				CLANG_ENABLE_MODULES = YES;
				DEVELOPMENT_TEAM = UJ8R67WH26;
				FRAMEWORK_SEARCH_PATHS = (
					"$(inherited)",
					"$(PROJECT_DIR)",
				);
				INFOPLIST_FILE = Spots/Info.plist;
				LD_RUNPATH_SEARCH_PATHS = "$(inherited) @executable_path/Frameworks";
				ONLY_ACTIVE_ARCH = YES;
				PRODUCT_BUNDLE_IDENTIFIER = com.goodboxdesign.goodspots;
				PRODUCT_NAME = "$(TARGET_NAME)";
				SWIFT_OBJC_BRIDGING_HEADER = "Spots/ThirdParty/PopupDialog/Spots-Bridging-Header.h";
				SWIFT_VERSION = 4.0;
			};
			name = Release;
		};
		B727757D1E62C27B009B20A7 /* Debug */ = {
			isa = XCBuildConfiguration;
			baseConfigurationReference = D5591A9045D523A013F51CBE /* Pods-SpotsTests.debug.xcconfig */;
			buildSettings = {
				ALWAYS_EMBED_SWIFT_STANDARD_LIBRARIES = YES;
				BUNDLE_LOADER = "$(TEST_HOST)";
				DEVELOPMENT_TEAM = UJ8R67WH26;
				INFOPLIST_FILE = SpotsTests/Info.plist;
				LD_RUNPATH_SEARCH_PATHS = "$(inherited) @executable_path/Frameworks @loader_path/Frameworks";
				PRODUCT_BUNDLE_IDENTIFIER = com.goodboxdesign.SpotsTests;
				PRODUCT_NAME = "$(TARGET_NAME)";
				SWIFT_VERSION = 3.0;
				TEST_HOST = "$(BUILT_PRODUCTS_DIR)/goodspots.app/goodspots";
			};
			name = Debug;
		};
		B727757E1E62C27B009B20A7 /* Release */ = {
			isa = XCBuildConfiguration;
			baseConfigurationReference = 196ADEC6DB52F7B8B59D44BB /* Pods-SpotsTests.release.xcconfig */;
			buildSettings = {
				ALWAYS_EMBED_SWIFT_STANDARD_LIBRARIES = YES;
				BUNDLE_LOADER = "$(TEST_HOST)";
				DEVELOPMENT_TEAM = UJ8R67WH26;
				INFOPLIST_FILE = SpotsTests/Info.plist;
				LD_RUNPATH_SEARCH_PATHS = "$(inherited) @executable_path/Frameworks @loader_path/Frameworks";
				PRODUCT_BUNDLE_IDENTIFIER = com.goodboxdesign.SpotsTests;
				PRODUCT_NAME = "$(TARGET_NAME)";
				SWIFT_VERSION = 3.0;
				TEST_HOST = "$(BUILT_PRODUCTS_DIR)/goodspots.app/goodspots";
			};
			name = Release;
		};
/* End XCBuildConfiguration section */

/* Begin XCConfigurationList section */
		B72775571E62C27B009B20A7 /* Build configuration list for PBXProject "goodspots" */ = {
			isa = XCConfigurationList;
			buildConfigurations = (
				B72775771E62C27B009B20A7 /* Debug */,
				B72775781E62C27B009B20A7 /* Release */,
			);
			defaultConfigurationIsVisible = 0;
			defaultConfigurationName = Release;
		};
		B72775791E62C27B009B20A7 /* Build configuration list for PBXNativeTarget "goodspots" */ = {
			isa = XCConfigurationList;
			buildConfigurations = (
				B727757A1E62C27B009B20A7 /* Debug */,
				B727757B1E62C27B009B20A7 /* Release */,
			);
			defaultConfigurationIsVisible = 0;
			defaultConfigurationName = Release;
		};
		B727757C1E62C27B009B20A7 /* Build configuration list for PBXNativeTarget "goodspotsTests" */ = {
			isa = XCConfigurationList;
			buildConfigurations = (
				B727757D1E62C27B009B20A7 /* Debug */,
				B727757E1E62C27B009B20A7 /* Release */,
			);
			defaultConfigurationIsVisible = 0;
			defaultConfigurationName = Release;
		};
/* End XCConfigurationList section */
	};
	rootObject = B72775541E62C27B009B20A7 /* Project object */;
}
