PODS:
  - Alamofire (4.3.0)
  - AlamofireImage (3.2.0):
    - Alamofire (~> 4.1)
  - Bolts (1.8.4):
    - Bolts/AppLinks (= 1.8.4)
    - Bolts/Tasks (= 1.8.4)
  - Bolts/AppLinks (1.8.4):
    - Bolts/Tasks
  - Bolts/Tasks (1.8.4)
  - FacebookCore (0.2.0):
    - Bolts (~> 1.8)
    - FBSDKCoreKit (~> 4.15)
  - FacebookLogin (0.2.0):
    - Bolts (~> 1.8)
    - FacebookCore (~> 0.2)
    - FBSDKCoreKit (~> 4.15)
    - FBSDKLoginKit (~> 4.15)
  - FacebookShare (0.2.0):
    - Bolts (~> 1.8)
    - FacebookCore (~> 0.2)
    - FBSDKCoreKit (~> 4.15)
    - FBSDKShareKit (~> 4.15)
  - FBSDKCoreKit (4.22.0):
    - Bolts (~> 1.7)
  - FBSDKLoginKit (4.22.0):
    - FBSDKCoreKit
  - FBSDKShareKit (4.22.0):
    - FBSDKCoreKit
  - GoogleMaps (2.2.0):
    - GoogleMaps/Maps (= 2.2.0)
  - GoogleMaps/Base (2.2.0)
  - GoogleMaps/Maps (2.2.0):
    - GoogleMaps/Base
  - GooglePlaces (2.2.0):
    - GoogleMaps/Base (= 2.2.0)
  - Hue (1.2.0)
  - ImagePicker (2.1.1)
  - Lightbox (1.0.0):
    - Hue
    - Sugar
  - Material (2.6.3):
    - Material/Core (= 2.6.3)
  - Material/Core (2.6.3)
  - Motion (1.0.8):
    - Motion/Core (= 1.0.8)
  - Motion/Core (1.0.8)
  - PopupDialog (0.5.4)
  - SKPhotoBrowser (4.0.1)
  - Sugar (3.1.2)
  - SwiftyJSON (3.1.4)
  - XCGLogger (4.0.0):
    - XCGLogger/Core (= 4.0.0)
  - XCGLogger/Core (4.0.0)
  - XLActionController (3.0.1):
    - XLActionController/Core (= 3.0.1)
  - XLActionController/Core (3.0.1)
  - XLActionController/Twitter (3.0.1):
    - XLActionController/Core

DEPENDENCIES:
  - Alamofire (~> 4.3.0)
  - AlamofireImage (~> 3.2.0)
  - FacebookCore
  - FacebookLogin
  - FacebookShare
  - GoogleMaps
  - GooglePlaces
  - Hue (from `https://github.com/hyperoslo/Hue.git`, branch `swift3`)
  - ImagePicker
  - Lightbox (from `https://github.com/hyperoslo/Lightbox.git`, branch `swift-3`)
  - Material (~> 2.0)
  - Motion (~> 1.0)
  - PopupDialog (~> 0.5.3)
  - SKPhotoBrowser
  - Sugar (from `https://github.com/hyperoslo/Sugar.git`, branch `master`)
  - SwiftyJSON
  - XCGLogger (~> 4.0)
  - XLActionController
  - XLActionController/Twitter

EXTERNAL SOURCES:
  Hue:
    :branch: swift3
    :git: https://github.com/hyperoslo/Hue.git
  Lightbox:
    :branch: swift-3
    :git: https://github.com/hyperoslo/Lightbox.git
  Sugar:
    :branch: master
    :git: https://github.com/hyperoslo/Sugar.git

CHECKOUT OPTIONS:
  Hue:
    :commit: 3303cbcdf0f771aea1a6d1a153e4b95eef8696eb
    :git: https://github.com/hyperoslo/Hue.git
  Lightbox:
    :commit: 04437d8450a5ccc92af7e9bd08027bdced9fb589
    :git: https://github.com/hyperoslo/Lightbox.git
  Sugar:
    :commit: e192e6aa197b85716e02b55ca09df27f14b7b258
    :git: https://github.com/hyperoslo/Sugar.git

SPEC CHECKSUMS:
  Alamofire: 856a113053a7bc9cbe5d6367a555d773fc5cfef7
  AlamofireImage: 157ed682cc81d3b9db4fb90c1f12180ac552d93b
  Bolts: 8a7995239dbe724f9cba2248b766d48b7ebdd322
  FacebookCore: 2cb3f0fbff218e9d3119cec84bae983b232412de
  FacebookLogin: c9d606504735780a9e3002465a615512e0a691a5
  FacebookShare: 8e9ee8ea06505e6a1d3d719b0cc63e840fb8aaeb
  FBSDKCoreKit: c693bad19feb225469eeff14452ba364522ee48b
  FBSDKLoginKit: 1fa529fc622d7b32ebeaffbecd377180833c6d30
  FBSDKShareKit: 21ab3c8d173f4fa20c47c1061f3a9fac5950b5fa
  GoogleMaps: 104c418d61ab8a05dff06ed0784c25ea9d37da45
  GooglePlaces: bca867d5e9da15384c794b945e4226848bc6e9d9
  Hue: 0705083b7aff40334033373e6293ec1215285ac2
  ImagePicker: fe4c699abb56ff03994fa98d8b02e3883ee118be
  Lightbox: e4523e8cf3261cbc833d0e76ae4dae774731d115
  Material: af607a7ec0e9978ef85cf189a3d8ceeeb650400f
  Motion: cae3bf09f58547f5866140b44f813f9f5af44b90
  PopupDialog: 75cf955693590b0cb2fdde00223fb65d99c57247
  SKPhotoBrowser: 3a7c6fc02aa1620ab17253a47a49fafda46536e8
  Sugar: 41f2efa0244806f524ff2d77c951a6a43e81a0f3
  SwiftyJSON: c2842d878f95482ffceec5709abc3d05680c0220
  XCGLogger: 38063ea89b4c8b23232d18efd2e12eb0005f3ea4
  XLActionController: 57fe0ce1642e2eed971b188b490762345fdbf963

PODFILE CHECKSUM: c162a09de50786522b5f6190ed519152666cfb1f

COCOAPODS: 1.1.1
